
Microsoft Visual Studio Solution File, Format Version 12.00
# Visual Studio Version 17
VisualStudioVersion = 17.5.33502.453
MinimumVisualStudioVersion = 10.0.40219.1
Project("{FAE04EC0-301F-11D3-BF4B-00C04F79EFBC}") = "WavesMindray", "WavesMindray\WavesMindray.csproj", "{CA3191D3-B8E6-451B-878A-0429C2AC5D37}"
EndProject
Global
	GlobalSection(SolutionConfigurationPlatforms) = preSolution
		Debug|Any CPU = Debug|Any CPU
		Release|Any CPU = Release|Any CPU
	EndGlobalSection
	GlobalSection(ProjectConfigurationPlatforms) = postSolution
		{CA3191D3-B8E6-451B-878A-0429C2AC5D37}.Debug|Any CPU.ActiveCfg = Debug|Any CPU
		{CA3191D3-B8E6-451B-878A-0429C2AC5D37}.Debug|Any CPU.Build.0 = Debug|Any CPU
		{CA3191D3-B8E6-451B-878A-0429C2AC5D37}.Release|Any CPU.ActiveCfg = Release|Any CPU
		{CA3191D3-B8E6-451B-878A-0429C2AC5D37}.Release|Any CPU.Build.0 = Release|Any CPU
	EndGlobalSection
	GlobalSection(SolutionProperties) = preSolution
		HideSolutionNode = FALSE
	EndGlobalSection
	GlobalSection(ExtensibilityGlobals) = postSolution
		SolutionGuid = {7E96DFC9-F8FB-485E-A68C-133F7DEBF9E6}
	EndGlobalSection
EndGlobal
